
Microsoft Visual Studio Solution File, Format Version 12.00
Project("{FAE04EC0-301F-11D3-BF4B-00C04F79EFBC}") = "DotNetCore.CAP.Contrib.Idempotency", "src\DotNetCore.CAP.Contrib.Idempotency.csproj", "{3A7B93AD-AE0A-4877-8792-90C47D330A80}"
EndProject
Project("{FAE04EC0-301F-11D3-BF4B-00C04F79EFBC}") = "DotNetCore.CAP.Contrib.Idempotency.Tests", "tests\DotNetCore.CAP.Contrib.Idempotency.Tests.csproj", "{7BA9314F-4563-4927-BF31-68D5465F9530}"
EndProject
Global
	GlobalSection(SolutionConfigurationPlatforms) = preSolution
		Debug|Any CPU = Debug|Any CPU
		Release|Any CPU = Release|Any CPU
	EndGlobalSection
	GlobalSection(ProjectConfigurationPlatforms) = postSolution
		{3A7B93AD-AE0A-4877-8792-90C47D330A80}.Debug|Any CPU.ActiveCfg = Debug|Any CPU
		{3A7B93AD-AE0A-4877-8792-90C47D330A80}.Debug|Any CPU.Build.0 = Debug|Any CPU
		{3A7B93AD-AE0A-4877-8792-90C47D330A80}.Release|Any CPU.ActiveCfg = Release|Any CPU
		{3A7B93AD-AE0A-4877-8792-90C47D330A80}.Release|Any CPU.Build.0 = Release|Any CPU
		{7BA9314F-4563-4927-BF31-68D5465F9530}.Debug|Any CPU.ActiveCfg = Debug|Any CPU
		{7BA9314F-4563-4927-BF31-68D5465F9530}.Debug|Any CPU.Build.0 = Debug|Any CPU
		{7BA9314F-4563-4927-BF31-68D5465F9530}.Release|Any CPU.ActiveCfg = Release|Any CPU
		{7BA9314F-4563-4927-BF31-68D5465F9530}.Release|Any CPU.Build.0 = Release|Any CPU
	EndGlobalSection
EndGlobal
