
Microsoft Visual Studio Solution File, Format Version 12.00
Project("{FAE04EC0-301F-11D3-BF4B-00C04F79EFBC}") = "Ziggurat", "src\Ziggurat\Ziggurat.csproj", "{6D3CD52F-F41F-49B1-8ADD-88F88BF83565}"
EndProject
Project("{FAE04EC0-301F-11D3-BF4B-00C04F79EFBC}") = "Ziggurat.Tests", "tests\Ziggurat.Tests\Ziggurat.Tests.csproj", "{2FDCE0BC-B5D7-41A6-BE40-DE2D707FE737}"
EndProject
Project("{FAE04EC0-301F-11D3-BF4B-00C04F79EFBC}") = "Ziggurat.CapAdapter", "src\Ziggurat.CapAdapter\Ziggurat.CapAdapter.csproj", "{24D784FD-5FD1-4D57-A858-03CDDE3B0C93}"
EndProject
Project("{FAE04EC0-301F-11D3-BF4B-00C04F79EFBC}") = "Example.Cap.Api", "samples\Example.Cap.Api\Example.Cap.Api.csproj", "{5D6F3BFC-BD8B-45CA-BAB5-7D32ABB23C89}"
EndProject
Global
	GlobalSection(SolutionConfigurationPlatforms) = preSolution
		Debug|Any CPU = Debug|Any CPU
		Release|Any CPU = Release|Any CPU
	EndGlobalSection
	GlobalSection(ProjectConfigurationPlatforms) = postSolution
		{6D3CD52F-F41F-49B1-8ADD-88F88BF83565}.Debug|Any CPU.ActiveCfg = Debug|Any CPU
		{6D3CD52F-F41F-49B1-8ADD-88F88BF83565}.Debug|Any CPU.Build.0 = Debug|Any CPU
		{6D3CD52F-F41F-49B1-8ADD-88F88BF83565}.Release|Any CPU.ActiveCfg = Release|Any CPU
		{6D3CD52F-F41F-49B1-8ADD-88F88BF83565}.Release|Any CPU.Build.0 = Release|Any CPU
		{2FDCE0BC-B5D7-41A6-BE40-DE2D707FE737}.Debug|Any CPU.ActiveCfg = Debug|Any CPU
		{2FDCE0BC-B5D7-41A6-BE40-DE2D707FE737}.Debug|Any CPU.Build.0 = Debug|Any CPU
		{2FDCE0BC-B5D7-41A6-BE40-DE2D707FE737}.Release|Any CPU.ActiveCfg = Release|Any CPU
		{2FDCE0BC-B5D7-41A6-BE40-DE2D707FE737}.Release|Any CPU.Build.0 = Release|Any CPU
		{24D784FD-5FD1-4D57-A858-03CDDE3B0C93}.Debug|Any CPU.ActiveCfg = Debug|Any CPU
		{24D784FD-5FD1-4D57-A858-03CDDE3B0C93}.Debug|Any CPU.Build.0 = Debug|Any CPU
		{24D784FD-5FD1-4D57-A858-03CDDE3B0C93}.Release|Any CPU.ActiveCfg = Release|Any CPU
		{24D784FD-5FD1-4D57-A858-03CDDE3B0C93}.Release|Any CPU.Build.0 = Release|Any CPU
		{5D6F3BFC-BD8B-45CA-BAB5-7D32ABB23C89}.Debug|Any CPU.ActiveCfg = Debug|Any CPU
		{5D6F3BFC-BD8B-45CA-BAB5-7D32ABB23C89}.Debug|Any CPU.Build.0 = Debug|Any CPU
		{5D6F3BFC-BD8B-45CA-BAB5-7D32ABB23C89}.Release|Any CPU.ActiveCfg = Release|Any CPU
		{5D6F3BFC-BD8B-45CA-BAB5-7D32ABB23C89}.Release|Any CPU.Build.0 = Release|Any CPU
	EndGlobalSection
EndGlobal
